
Microsoft Visual Studio Solution File, Format Version 12.00
# Visual Studio Version 16
VisualStudioVersion = 16.0.34301.259
MinimumVisualStudioVersion = 10.0.40219.1
Project("{FAE04EC0-301F-11D3-BF4B-00C04F79EFBC}") = "Employee", "Employee\Employee.csproj", "{ACFF864B-A8B6-438E-B06F-830985B77B57}"
EndProject
Global
	GlobalSection(SolutionConfigurationPlatforms) = preSolution
		Debug|Any CPU = Debug|Any CPU
		Release|Any CPU = Release|Any CPU
	EndGlobalSection
	GlobalSection(ProjectConfigurationPlatforms) = postSolution
		{ACFF864B-A8B6-438E-B06F-830985B77B57}.Debug|Any CPU.ActiveCfg = Debug|Any CPU
		{ACFF864B-A8B6-438E-B06F-830985B77B57}.Debug|Any CPU.Build.0 = Debug|Any CPU
		{ACFF864B-A8B6-438E-B06F-830985B77B57}.Release|Any CPU.ActiveCfg = Release|Any CPU
		{ACFF864B-A8B6-438E-B06F-830985B77B57}.Release|Any CPU.Build.0 = Release|Any CPU
	EndGlobalSection
	GlobalSection(SolutionProperties) = preSolution
		HideSolutionNode = FALSE
	EndGlobalSection
	GlobalSection(ExtensibilityGlobals) = postSolution
		SolutionGuid = {9DDE1E3C-E3EC-4076-8193-002898769355}
	EndGlobalSection
EndGlobal
